
Microsoft Visual Studio Solution File, Format Version 12.00
# Visual Studio 15
VisualStudioVersion = 15.0.26730.16
MinimumVisualStudioVersion = 10.0.40219.1
Project("{FAE04EC0-301F-11D3-BF4B-00C04F79EFBC}") = "canberra_food_a2", "canberra_food_a2\canberra_food_a2.csproj", "{A00F3B0B-DF15-4960-BC64-1635CABB9F0F}"
EndProject
Global
	GlobalSection(SolutionConfigurationPlatforms) = preSolution
		Debug|Any CPU = Debug|Any CPU
		Release|Any CPU = Release|Any CPU
	EndGlobalSection
	GlobalSection(ProjectConfigurationPlatforms) = postSolution
		{A00F3B0B-DF15-4960-BC64-1635CABB9F0F}.Debug|Any CPU.ActiveCfg = Debug|Any CPU
		{A00F3B0B-DF15-4960-BC64-1635CABB9F0F}.Debug|Any CPU.Build.0 = Debug|Any CPU
		{A00F3B0B-DF15-4960-BC64-1635CABB9F0F}.Release|Any CPU.ActiveCfg = Release|Any CPU
		{A00F3B0B-DF15-4960-BC64-1635CABB9F0F}.Release|Any CPU.Build.0 = Release|Any CPU
	EndGlobalSection
	GlobalSection(SolutionProperties) = preSolution
		HideSolutionNode = FALSE
	EndGlobalSection
	GlobalSection(ExtensibilityGlobals) = postSolution
		SolutionGuid = {AA45864E-526A-4F29-B900-1BF5A30B2C5E}
	EndGlobalSection
EndGlobal
